PODS:
  - AFNetworking (2.6.3):
    - AFNetworking/NSURLConnection (= 2.6.3)
    - AFNetworking/NSURLSession (= 2.6.3)
    - AFNetworking/Reachability (= 2.6.3)
    - AFNetworking/Security (= 2.6.3)
    - AFNetworking/Serialization (= 2.6.3)
    - AFNetworking/UIKit (= 2.6.3)
  - AFNetworking+AutoRetry (0.0.5):
    - AFNetworking (~> 2)
    - ObjcAssociatedObjectHelpers
  - AFNetworking/NSURLConnection (2.6.3):
    - AFNetworking/Reachability
    - AFNetworking/Security
    - AFNetworking/Serialization
  - AFNetworking/NSURLSession (2.6.3):
    - AFNetworking/Reachability
    - AFNetworking/Security
    - AFNetworking/Serialization
  - AFNetworking/Reachability (2.6.3)
  - AFNetworking/Security (2.6.3)
  - AFNetworking/Serialization (2.6.3)
  - AFNetworking/UIKit (2.6.3):
    - AFNetworking/NSURLConnection
    - AFNetworking/NSURLSession
  - Crashlytics (3.8.2):
    - Fabric (~> 1.6.3)
  - CRToast (0.0.9)
  - EAIntroView (2.9.0):
    - EARestrictedScrollView (~> 1.1.0)
  - EARestrictedScrollView (1.1.0)
  - Fabric (1.6.8)
  - Flurry-iOS-SDK/FlurrySDK (7.6.6)
  - MBProgressHUD (0.9.2)
  - MYBlurIntroductionView (1.0.3)
  - ObjcAssociatedObjectHelpers (2.0.1):
    - ObjcAssociatedObjectHelpers/Core (= 2.0.1)
    - ObjcAssociatedObjectHelpers/NSObject+Dictionary (= 2.0.1)
  - ObjcAssociatedObjectHelpers/Core (2.0.1)
  - ObjcAssociatedObjectHelpers/NSObject+Dictionary (2.0.1):
    - ObjcAssociatedObjectHelpers/Core
  - SMPageControl (1.2)
  - TWMessageBarManager (1.8.1)
  - YYCache (1.0.4)
  - YYCategories (1.0.4):
    - YYCategories/no-arc (= 1.0.4)
  - YYCategories/no-arc (1.0.4)
  - YYImage (1.0.4):
    - YYImage/Core (= 1.0.4)
  - YYImage/Core (1.0.4)
  - YYWebImage (1.0.5):
    - YYCache
    - YYImage

DEPENDENCIES:
  - AFNetworking (~> 2.0)
  - AFNetworking+AutoRetry
  - Crashlytics
  - CRToast (~> 0.0.7)
  - EAIntroView (~> 2.9.0)
  - Fabric
  - Flurry-iOS-SDK/FlurrySDK
  - MBProgressHUD (~> 0.9.1)
  - MYBlurIntroductionView
  - SMPageControl (~> 1.2)
  - TWMessageBarManager
  - YYCategories
  - YYWebImage

SPEC CHECKSUMS:
  AFNetworking: cb8d14a848e831097108418f5d49217339d4eb60
  AFNetworking+AutoRetry: 5987ec96155e58fe356f1a3e91e79e5f3be6296a
  Crashlytics: 27acca95a01b042a8294291dd6dff27f8f6af6d7
  CRToast: 5a78c22b921c5ed3487488af605bc403a9c92fed
  EAIntroView: 76f68cc56242f2e25359419e6ecc2344ee7e1756
  EARestrictedScrollView: b0c2a3f92fb2610bb44d71c5e4893777c89e45ef
  Fabric: 5755268d0171435ab167e3d0878a28a777deaf10
  Flurry-iOS-SDK: 97bbeec09cca666c2f1772f6e161c4f8ccff611e
  MBProgressHUD: 1569cf7ace17a8bac47aabfbb8580a49690386d1
  MYBlurIntroductionView: b12651c25574580472ff34989a4c5b81c157009f
  ObjcAssociatedObjectHelpers: 686c291f292c26a49b9b1fa7d58130a8d35d59d2
  SMPageControl: 922892813001cfaf059e86e6801f46a967e9ee29
  TWMessageBarManager: fd84e7948ba7968a2b5d9454859135761214ec56
  YYCache: 8105b6638f5e849296c71f331ff83891a4942952
  YYCategories: 6bcd4314c6661a561410dce4a793379ebd306abd
  YYImage: 1e1b62a9997399593e4b9c4ecfbbabbf1d3f3b54
  YYWebImage: 5f7f36aee2ae293f016d418c7d6ba05c4863e928

PODFILE CHECKSUM: 9409c830a2d5ba10334f3edcbbc00b1501f51d83

COCOAPODS: 1.0.1
