// !$*UTF8*$!
{
	archiveVersion = 1;
	classes = {
	};
	objectVersion = 46;
	objects = {

/* Begin PBXBuildFile section */
		10026FCC1BEBB58C00F229F0 /* GogobitTabBarController.m in Sources */ = {isa = PBXBuildFile; fileRef = 10026FCB1BEBB58C00F229F0 /* GogobitTabBarController.m */; };
		100D0AA91C8B22F000381929 /* Assets.xcassets in Resources */ = {isa = PBXBuildFile; fileRef = 100D0AA81C8B22F000381929 /* Assets.xcassets */; };
		100D0AAC1C8B29AA00381929 /* SettingsViewController.m in Sources */ = {isa = PBXBuildFile; fileRef = 100D0AAB1C8B29AA00381929 /* SettingsViewController.m */; };
		100D0AAF1C8BA83D00381929 /* FeedbackWebViewController.m in Sources */ = {isa = PBXBuildFile; fileRef = 100D0AAE1C8BA83D00381929 /* FeedbackWebViewController.m */; };
		103DF9321C945F6400C7C651 /* Launch Screen.storyboard in Resources */ = {isa = PBXBuildFile; fileRef = 103DF9311C945F6400C7C651 /* Launch Screen.storyboard */; };
		1046DF6B1BE7C7D700139757 /* main.m in Sources */ = {isa = PBXBuildFile; fileRef = 1046DF6A1BE7C7D700139757 /* main.m */; };
		1046DF6E1BE7C7D700139757 /* AppDelegate.m in Sources */ = {isa = PBXBuildFile; fileRef = 1046DF6D1BE7C7D700139757 /* AppDelegate.m */; };
		1046DF711BE7C7D700139757 /* CurrencyListViewController.m in Sources */ = {isa = PBXBuildFile; fileRef = 1046DF701BE7C7D700139757 /* CurrencyListViewController.m */; };
		1046DF741BE7C7D700139757 /* Main.storyboard in Resources */ = {isa = PBXBuildFile; fileRef = 1046DF721BE7C7D700139757 /* Main.storyboard */; };
		1046DF841BE7C7D700139757 /* GogobitTests.m in Sources */ = {isa = PBXBuildFile; fileRef = 1046DF831BE7C7D700139757 /* GogobitTests.m */; };
		1046DF8F1BE7C7D800139757 /* GogobitUITests.m in Sources */ = {isa = PBXBuildFile; fileRef = 1046DF8E1BE7C7D800139757 /* GogobitUITests.m */; };
		1046F8A81C809F4700C48198 /* ExchangeTableViewCell.xib in Resources */ = {isa = PBXBuildFile; fileRef = 1046F8A71C809F4700C48198 /* ExchangeTableViewCell.xib */; };
		1046F8AC1C80A27C00C48198 /* ExchangeTableViewCell.m in Sources */ = {isa = PBXBuildFile; fileRef = 1046F8AB1C80A27C00C48198 /* ExchangeTableViewCell.m */; };
		107C99EF1C8E894300C79A3D /* AboutViewController.m in Sources */ = {isa = PBXBuildFile; fileRef = 107C99EE1C8E894300C79A3D /* AboutViewController.m */; };
		10E759701BECFBE800BB78FA /* ExchangeRateViewController.m in Sources */ = {isa = PBXBuildFile; fileRef = 10E7596F1BECFBE800BB78FA /* ExchangeRateViewController.m */; };
		10E759731BEE581500BB78FA /* ExchangesClient.m in Sources */ = {isa = PBXBuildFile; fileRef = 10E759721BEE581500BB78FA /* ExchangesClient.m */; };
		234B18BA51FA8AFCCBEAE58D /* libPods.a in Frameworks */ = {isa = PBXBuildFile; fileRef = 19126C418D876DD229041C85 /* libPods.a */; };
/* End PBXBuildFile section */

/* Begin PBXContainerItemProxy section */
		1046DF801BE7C7D700139757 /* PBXContainerItemProxy */ = {
			isa = PBXContainerItemProxy;
			containerPortal = 1046DF5E1BE7C7D700139757 /* Project object */;
			proxyType = 1;
			remoteGlobalIDString = 1046DF651BE7C7D700139757;
			remoteInfo = Gogobit;
		};
		1046DF8B1BE7C7D800139757 /* PBXContainerItemProxy */ = {
			isa = PBXContainerItemProxy;
			containerPortal = 1046DF5E1BE7C7D700139757 /* Project object */;
			proxyType = 1;
			remoteGlobalIDString = 1046DF651BE7C7D700139757;
			remoteInfo = Gogobit;
		};
/* End PBXContainerItemProxy section */

/* Begin PBXFileReference section */
		10026FCA1BEBB58C00F229F0 /* GogobitTabBarController.h */ = {isa = PBXFileReference; fileEncoding = 4; lastKnownFileType = sourcecode.c.h; path = GogobitTabBarController.h; sourceTree = "<group>"; };
		10026FCB1BEBB58C00F229F0 /* GogobitTabBarController.m */ = {isa = PBXFileReference; fileEncoding = 4; lastKnownFileType = sourcecode.c.objc; path = GogobitTabBarController.m; sourceTree = "<group>"; };
		100D0AA81C8B22F000381929 /* Assets.xcassets */ = {isa = PBXFileReference; lastKnownFileType = folder.assetcatalog; path = Assets.xcassets; sourceTree = "<group>"; };
		100D0AAA1C8B29AA00381929 /* SettingsViewController.h */ = {isa = PBXFileReference; fileEncoding = 4; lastKnownFileType = sourcecode.c.h; path = SettingsViewController.h; sourceTree = "<group>"; };
		100D0AAB1C8B29AA00381929 /* SettingsViewController.m */ = {isa = PBXFileReference; fileEncoding = 4; lastKnownFileType = sourcecode.c.objc; path = SettingsViewController.m; sourceTree = "<group>"; };
		100D0AAD1C8BA83D00381929 /* FeedbackWebViewController.h */ = {isa = PBXFileReference; fileEncoding = 4; lastKnownFileType = sourcecode.c.h; path = FeedbackWebViewController.h; sourceTree = "<group>"; };
		100D0AAE1C8BA83D00381929 /* FeedbackWebViewController.m */ = {isa = PBXFileReference; fileEncoding = 4; lastKnownFileType = sourcecode.c.objc; path = FeedbackWebViewController.m; sourceTree = "<group>"; };
		103DF9311C945F6400C7C651 /* Launch Screen.storyboard */ = {isa = PBXFileReference; fileEncoding = 4; lastKnownFileType = file.storyboard; path = "Launch Screen.storyboard"; sourceTree = "<group>"; };
		1046DF661BE7C7D700139757 /* Gogobit.app */ = {isa = PBXFileReference; explicitFileType = wrapper.application; includeInIndex = 0; path = Gogobit.app; sourceTree = BUILT_PRODUCTS_DIR; };
		1046DF6A1BE7C7D700139757 /* main.m */ = {isa = PBXFileReference; lastKnownFileType = sourcecode.c.objc; path = main.m; sourceTree = "<group>"; };
		1046DF6C1BE7C7D700139757 /* AppDelegate.h */ = {isa = PBXFileReference; lastKnownFileType = sourcecode.c.h; path = AppDelegate.h; sourceTree = "<group>"; };
		1046DF6D1BE7C7D700139757 /* AppDelegate.m */ = {isa = PBXFileReference; lastKnownFileType = sourcecode.c.objc; path = AppDelegate.m; sourceTree = "<group>"; };
		1046DF6F1BE7C7D700139757 /* CurrencyListViewController.h */ = {isa = PBXFileReference; lastKnownFileType = sourcecode.c.h; path = CurrencyListViewController.h; sourceTree = "<group>"; };
		1046DF701BE7C7D700139757 /* CurrencyListViewController.m */ = {isa = PBXFileReference; lastKnownFileType = sourcecode.c.objc; path = CurrencyListViewController.m; sourceTree = "<group>"; };
		1046DF731BE7C7D700139757 /* Base */ = {isa = PBXFileReference; lastKnownFileType = file.storyboard; name = Base; path = Base.lproj/Main.storyboard; sourceTree = "<group>"; };
		1046DF7A1BE7C7D700139757 /* Info.plist */ = {isa = PBXFileReference; lastKnownFileType = text.plist.xml; path = Info.plist; sourceTree = "<group>"; };
		1046DF7F1BE7C7D700139757 /* GogobitTests.xctest */ = {isa = PBXFileReference; explicitFileType = wrapper.cfbundle; includeInIndex = 0; path = GogobitTests.xctest; sourceTree = BUILT_PRODUCTS_DIR; };
		1046DF831BE7C7D700139757 /* GogobitTests.m */ = {isa = PBXFileReference; lastKnownFileType = sourcecode.c.objc; path = GogobitTests.m; sourceTree = "<group>"; };
		1046DF851BE7C7D700139757 /* Info.plist */ = {isa = PBXFileReference; lastKnownFileType = text.plist.xml; path = Info.plist; sourceTree = "<group>"; };
		1046DF8A1BE7C7D800139757 /* GogobitUITests.xctest */ = {isa = PBXFileReference; explicitFileType = wrapper.cfbundle; includeInIndex = 0; path = GogobitUITests.xctest; sourceTree = BUILT_PRODUCTS_DIR; };
		1046DF8E1BE7C7D800139757 /* GogobitUITests.m */ = {isa = PBXFileReference; lastKnownFileType = sourcecode.c.objc; path = GogobitUITests.m; sourceTree = "<group>"; };
		1046DF901BE7C7D800139757 /* Info.plist */ = {isa = PBXFileReference; lastKnownFileType = text.plist.xml; path = Info.plist; sourceTree = "<group>"; };
		1046F8A71C809F4700C48198 /* ExchangeTableViewCell.xib */ = {isa = PBXFileReference; fileEncoding = 4; lastKnownFileType = file.xib; path = ExchangeTableViewCell.xib; sourceTree = "<group>"; };
		1046F8AA1C80A27C00C48198 /* ExchangeTableViewCell.h */ = {isa = PBXFileReference; fileEncoding = 4; lastKnownFileType = sourcecode.c.h; name = ExchangeTableViewCell.h; path = ExchangeTableViewCell/ExchangeTableViewCell.h; sourceTree = "<group>"; };
		1046F8AB1C80A27C00C48198 /* ExchangeTableViewCell.m */ = {isa = PBXFileReference; fileEncoding = 4; lastKnownFileType = sourcecode.c.objc; name = ExchangeTableViewCell.m; path = ExchangeTableViewCell/ExchangeTableViewCell.m; sourceTree = "<group>"; };
		107C99ED1C8E894300C79A3D /* AboutViewController.h */ = {isa = PBXFileReference; fileEncoding = 4; lastKnownFileType = sourcecode.c.h; path = AboutViewController.h; sourceTree = "<group>"; };
		107C99EE1C8E894300C79A3D /* AboutViewController.m */ = {isa = PBXFileReference; fileEncoding = 4; lastKnownFileType = sourcecode.c.objc; path = AboutViewController.m; sourceTree = "<group>"; };
		10E7596E1BECFBE800BB78FA /* ExchangeRateViewController.h */ = {isa = PBXFileReference; fileEncoding = 4; lastKnownFileType = sourcecode.c.h; path = ExchangeRateViewController.h; sourceTree = "<group>"; };
		10E7596F1BECFBE800BB78FA /* ExchangeRateViewController.m */ = {isa = PBXFileReference; fileEncoding = 4; lastKnownFileType = sourcecode.c.objc; path = ExchangeRateViewController.m; sourceTree = "<group>"; };
		10E759711BEE581500BB78FA /* ExchangesClient.h */ = {isa = PBXFileReference; fileEncoding = 4; lastKnownFileType = sourcecode.c.h; path = ExchangesClient.h; sourceTree = "<group>"; };
		10E759721BEE581500BB78FA /* ExchangesClient.m */ = {isa = PBXFileReference; fileEncoding = 4; lastKnownFileType = sourcecode.c.objc; path = ExchangesClient.m; sourceTree = "<group>"; };
		10E759741BEE59E800BB78FA /* GogobitHttpProtocol.h */ = {isa = PBXFileReference; fileEncoding = 4; lastKnownFileType = sourcecode.c.h; path = GogobitHttpProtocol.h; sourceTree = "<group>"; };
		19126C418D876DD229041C85 /* libPods.a */ = {isa = PBXFileReference; explicitFileType = archive.ar; includeInIndex = 0; path = libPods.a; sourceTree = BUILT_PRODUCTS_DIR; };
		5ECDDF78059F1E82C240C7A2 /* Pods.release.xcconfig */ = {isa = PBXFileReference; includeInIndex = 1; lastKnownFileType = text.xcconfig; name = Pods.release.xcconfig; path = "Pods/Target Support Files/Pods/Pods.release.xcconfig"; sourceTree = "<group>"; };
		69AC3125523CCE6270DC48A6 /* Pods.debug.xcconfig */ = {isa = PBXFileReference; includeInIndex = 1; lastKnownFileType = text.xcconfig; name = Pods.debug.xcconfig; path = "Pods/Target Support Files/Pods/Pods.debug.xcconfig"; sourceTree = "<group>"; };
/* End PBXFileReference section */

/* Begin PBXFrameworksBuildPhase section */
		1046DF631BE7C7D700139757 /* Frameworks */ = {
			isa = PBXFrameworksBuildPhase;
			buildActionMask = 2147483647;
			files = (
				234B18BA51FA8AFCCBEAE58D /* libPods.a in Frameworks */,
			);
			runOnlyForDeploymentPostprocessing = 0;
		};
		1046DF7C1BE7C7D700139757 /* Frameworks */ = {
			isa = PBXFrameworksBuildPhase;
			buildActionMask = 2147483647;
			files = (
			);
			runOnlyForDeploymentPostprocessing = 0;
		};
		1046DF871BE7C7D800139757 /* Frameworks */ = {
			isa = PBXFrameworksBuildPhase;
			buildActionMask = 2147483647;
			files = (
			);
			runOnlyForDeploymentPostprocessing = 0;
		};
/* End PBXFrameworksBuildPhase section */

/* Begin PBXGroup section */
		1046DF5D1BE7C7D700139757 = {
			isa = PBXGroup;
			children = (
				1046DF681BE7C7D700139757 /* Gogobit */,
				1046DF821BE7C7D700139757 /* GogobitTests */,
				1046DF8D1BE7C7D800139757 /* GogobitUITests */,
				1046DF671BE7C7D700139757 /* Products */,
				740A40C00F54210A80735B8C /* Pods */,
				55F5EC85A330B61FD8534F42 /* Frameworks */,
			);
			sourceTree = "<group>";
		};
		1046DF671BE7C7D700139757 /* Products */ = {
			isa = PBXGroup;
			children = (
				1046DF661BE7C7D700139757 /* Gogobit.app */,
				1046DF7F1BE7C7D700139757 /* GogobitTests.xctest */,
				1046DF8A1BE7C7D800139757 /* GogobitUITests.xctest */,
			);
			name = Products;
			sourceTree = "<group>";
		};
		1046DF681BE7C7D700139757 /* Gogobit */ = {
			isa = PBXGroup;
			children = (
				1046DF6C1BE7C7D700139757 /* AppDelegate.h */,
				1046DF6D1BE7C7D700139757 /* AppDelegate.m */,
				1046F8A91C80A22900C48198 /* ExchangeTableViewCell */,
				1046DF6F1BE7C7D700139757 /* CurrencyListViewController.h */,
				1046DF701BE7C7D700139757 /* CurrencyListViewController.m */,
				10E7596E1BECFBE800BB78FA /* ExchangeRateViewController.h */,
				10E7596F1BECFBE800BB78FA /* ExchangeRateViewController.m */,
				100D0AAA1C8B29AA00381929 /* SettingsViewController.h */,
				100D0AAB1C8B29AA00381929 /* SettingsViewController.m */,
				100D0AAD1C8BA83D00381929 /* FeedbackWebViewController.h */,
				100D0AAE1C8BA83D00381929 /* FeedbackWebViewController.m */,
				107C99ED1C8E894300C79A3D /* AboutViewController.h */,
				107C99EE1C8E894300C79A3D /* AboutViewController.m */,
				10026FCA1BEBB58C00F229F0 /* GogobitTabBarController.h */,
				10026FCB1BEBB58C00F229F0 /* GogobitTabBarController.m */,
				10E759741BEE59E800BB78FA /* GogobitHttpProtocol.h */,
				10E759711BEE581500BB78FA /* ExchangesClient.h */,
				10E759721BEE581500BB78FA /* ExchangesClient.m */,
				100D0AA81C8B22F000381929 /* Assets.xcassets */,
				1046DF721BE7C7D700139757 /* Main.storyboard */,
				103DF9311C945F6400C7C651 /* Launch Screen.storyboard */,
				1046DF7A1BE7C7D700139757 /* Info.plist */,
				1046DF691BE7C7D700139757 /* Supporting Files */,
			);
			path = Gogobit;
			sourceTree = "<group>";
		};
		1046DF691BE7C7D700139757 /* Supporting Files */ = {
			isa = PBXGroup;
			children = (
				1046DF6A1BE7C7D700139757 /* main.m */,
			);
			name = "Supporting Files";
			sourceTree = "<group>";
		};
		1046DF821BE7C7D700139757 /* GogobitTests */ = {
			isa = PBXGroup;
			children = (
				1046DF831BE7C7D700139757 /* GogobitTests.m */,
				1046DF851BE7C7D700139757 /* Info.plist */,
			);
			path = GogobitTests;
			sourceTree = "<group>";
		};
		1046DF8D1BE7C7D800139757 /* GogobitUITests */ = {
			isa = PBXGroup;
			children = (
				1046DF8E1BE7C7D800139757 /* GogobitUITests.m */,
				1046DF901BE7C7D800139757 /* Info.plist */,
			);
			path = GogobitUITests;
			sourceTree = "<group>";
		};
		1046F8A91C80A22900C48198 /* ExchangeTableViewCell */ = {
			isa = PBXGroup;
			children = (
				1046F8A71C809F4700C48198 /* ExchangeTableViewCell.xib */,
				1046F8AA1C80A27C00C48198 /* ExchangeTableViewCell.h */,
				1046F8AB1C80A27C00C48198 /* ExchangeTableViewCell.m */,
			);
			name = ExchangeTableViewCell;
			sourceTree = "<group>";
		};
		55F5EC85A330B61FD8534F42 /* Frameworks */ = {
			isa = PBXGroup;
			children = (
				19126C418D876DD229041C85 /* libPods.a */,
			);
			name = Frameworks;
			sourceTree = "<group>";
		};
		740A40C00F54210A80735B8C /* Pods */ = {
			isa = PBXGroup;
			children = (
				69AC3125523CCE6270DC48A6 /* Pods.debug.xcconfig */,
				5ECDDF78059F1E82C240C7A2 /* Pods.release.xcconfig */,
			);
			name = Pods;
			sourceTree = "<group>";
		};
/* End PBXGroup section */

/* Begin PBXNativeTarget section */
		1046DF651BE7C7D700139757 /* Gogobit */ = {
			isa = PBXNativeTarget;
			buildConfigurationList = 1046DF931BE7C7D800139757 /* Build configuration list for PBXNativeTarget "Gogobit" */;
			buildPhases = (
				6D23BC95DE1CD4F33B4A81CF /* Check Pods Manifest.lock */,
				1046DF621BE7C7D700139757 /* Sources */,
				1046DF631BE7C7D700139757 /* Frameworks */,
				1046DF641BE7C7D700139757 /* Resources */,
				95FBD48D3D5208DD6ADC0AEB /* Embed Pods Frameworks */,
				EC2FD0C5E06C8FF8C87A0575 /* Copy Pods Resources */,
			);
			buildRules = (
			);
			dependencies = (
			);
			name = Gogobit;
			productName = Gogobit;
			productReference = 1046DF661BE7C7D700139757 /* Gogobit.app */;
			productType = "com.apple.product-type.application";
		};
		1046DF7E1BE7C7D700139757 /* GogobitTests */ = {
			isa = PBXNativeTarget;
			buildConfigurationList = 1046DF961BE7C7D800139757 /* Build configuration list for PBXNativeTarget "GogobitTests" */;
			buildPhases = (
				1046DF7B1BE7C7D700139757 /* Sources */,
				1046DF7C1BE7C7D700139757 /* Frameworks */,
				1046DF7D1BE7C7D700139757 /* Resources */,
			);
			buildRules = (
			);
			dependencies = (
				1046DF811BE7C7D700139757 /* PBXTargetDependency */,
			);
			name = GogobitTests;
			productName = GogobitTests;
			productReference = 1046DF7F1BE7C7D700139757 /* GogobitTests.xctest */;
			productType = "com.apple.product-type.bundle.unit-test";
		};
		1046DF891BE7C7D800139757 /* GogobitUITests */ = {
			isa = PBXNativeTarget;
			buildConfigurationList = 1046DF991BE7C7D800139757 /* Build configuration list for PBXNativeTarget "GogobitUITests" */;
			buildPhases = (
				1046DF861BE7C7D800139757 /* Sources */,
				1046DF871BE7C7D800139757 /* Frameworks */,
				1046DF881BE7C7D800139757 /* Resources */,
			);
			buildRules = (
			);
			dependencies = (
				1046DF8C1BE7C7D800139757 /* PBXTargetDependency */,
			);
			name = GogobitUITests;
			productName = GogobitUITests;
			productReference = 1046DF8A1BE7C7D800139757 /* GogobitUITests.xctest */;
			productType = "com.apple.product-type.bundle.ui-testing";
		};
/* End PBXNativeTarget section */

/* Begin PBXProject section */
		1046DF5E1BE7C7D700139757 /* Project object */ = {
			isa = PBXProject;
			attributes = {
				LastUpgradeCheck = 0710;
				ORGANIZATIONNAME = "Wilson H.";
				TargetAttributes = {
					1046DF651BE7C7D700139757 = {
						CreatedOnToolsVersion = 7.1;
						DevelopmentTeam = Q4GRD8C97W;
					};
					1046DF7E1BE7C7D700139757 = {
						CreatedOnToolsVersion = 7.1;
						TestTargetID = 1046DF651BE7C7D700139757;
					};
					1046DF891BE7C7D800139757 = {
						CreatedOnToolsVersion = 7.1;
						TestTargetID = 1046DF651BE7C7D700139757;
					};
				};
			};
			buildConfigurationList = 1046DF611BE7C7D700139757 /* Build configuration list for PBXProject "Gogobit" */;
			compatibilityVersion = "Xcode 3.2";
			developmentRegion = English;
			hasScannedForEncodings = 0;
			knownRegions = (
				en,
				Base,
			);
			mainGroup = 1046DF5D1BE7C7D700139757;
			productRefGroup = 1046DF671BE7C7D700139757 /* Products */;
			projectDirPath = "";
			projectRoot = "";
			targets = (
				1046DF651BE7C7D700139757 /* Gogobit */,
				1046DF7E1BE7C7D700139757 /* GogobitTests */,
				1046DF891BE7C7D800139757 /* GogobitUITests */,
			);
		};
/* End PBXProject section */

/* Begin PBXResourcesBuildPhase section */
		1046DF641BE7C7D700139757 /* Resources */ = {
			isa = PBXResourcesBuildPhase;
			buildActionMask = 2147483647;
			files = (
				1046F8A81C809F4700C48198 /* ExchangeTableViewCell.xib in Resources */,
				100D0AA91C8B22F000381929 /* Assets.xcassets in Resources */,
				103DF9321C945F6400C7C651 /* Launch Screen.storyboard in Resources */,
				1046DF741BE7C7D700139757 /* Main.storyboard in Resources */,
			);
			runOnlyForDeploymentPostprocessing = 0;
		};
		1046DF7D1BE7C7D700139757 /* Resources */ = {
			isa = PBXResourcesBuildPhase;
			buildActionMask = 2147483647;
			files = (
			);
			runOnlyForDeploymentPostprocessing = 0;
		};
		1046DF881BE7C7D800139757 /* Resources */ = {
			isa = PBXResourcesBuildPhase;
			buildActionMask = 2147483647;
			files = (
			);
			runOnlyForDeploymentPostprocessing = 0;
		};
/* End PBXResourcesBuildPhase section */

/* Begin PBXShellScriptBuildPhase section */
		6D23BC95DE1CD4F33B4A81CF /* Check Pods Manifest.lock */ = {
			isa = PBXShellScriptBuildPhase;
			buildActionMask = 2147483647;
			files = (
			);
			inputPaths = (
			);
			name = "Check Pods Manifest.lock";
			outputPaths = (
			);
			runOnlyForDeploymentPostprocessing = 0;
			shellPath = /bin/sh;
			shellScript = "diff \"${PODS_ROOT}/../Podfile.lock\" \"${PODS_ROOT}/Manifest.lock\" > /dev/null\nif [[ $? != 0 ]] ; then\n    cat << EOM\nerror: The sandbox is not in sync with the Podfile.lock. Run 'pod install' or update your CocoaPods installation.\nEOM\n    exit 1\nfi\n";
			showEnvVarsInLog = 0;
		};
		95FBD48D3D5208DD6ADC0AEB /* Embed Pods Frameworks */ = {
			isa = PBXShellScriptBuildPhase;
			buildActionMask = 2147483647;
			files = (
			);
			inputPaths = (
			);
			name = "Embed Pods Frameworks";
			outputPaths = (
			);
			runOnlyForDeploymentPostprocessing = 0;
			shellPath = /bin/sh;
			shellScript = "\"${SRCROOT}/Pods/Target Support Files/Pods/Pods-frameworks.sh\"\n";
			showEnvVarsInLog = 0;
		};
		EC2FD0C5E06C8FF8C87A0575 /* Copy Pods Resources */ = {
			isa = PBXShellScriptBuildPhase;
			buildActionMask = 2147483647;
			files = (
			);
			inputPaths = (
			);
			name = "Copy Pods Resources";
			outputPaths = (
			);
			runOnlyForDeploymentPostprocessing = 0;
			shellPath = /bin/sh;
			shellScript = "\"${SRCROOT}/Pods/Target Support Files/Pods/Pods-resources.sh\"\n";
			showEnvVarsInLog = 0;
		};
/* End PBXShellScriptBuildPhase section */

/* Begin PBXSourcesBuildPhase section */
		1046DF621BE7C7D700139757 /* Sources */ = {
			isa = PBXSourcesBuildPhase;
			buildActionMask = 2147483647;
			files = (
				1046DF711BE7C7D700139757 /* CurrencyListViewController.m in Sources */,
				1046DF6E1BE7C7D700139757 /* AppDelegate.m in Sources */,
				1046DF6B1BE7C7D700139757 /* main.m in Sources */,
				100D0AAF1C8BA83D00381929 /* FeedbackWebViewController.m in Sources */,
				100D0AAC1C8B29AA00381929 /* SettingsViewController.m in Sources */,
				10E759731BEE581500BB78FA /* ExchangesClient.m in Sources */,
				107C99EF1C8E894300C79A3D /* AboutViewController.m in Sources */,
				1046F8AC1C80A27C00C48198 /* ExchangeTableViewCell.m in Sources */,
				10E759701BECFBE800BB78FA /* ExchangeRateViewController.m in Sources */,
				10026FCC1BEBB58C00F229F0 /* GogobitTabBarController.m in Sources */,
			);
			runOnlyForDeploymentPostprocessing = 0;
		};
		1046DF7B1BE7C7D700139757 /* Sources */ = {
			isa = PBXSourcesBuildPhase;
			buildActionMask = 2147483647;
			files = (
				1046DF841BE7C7D700139757 /* GogobitTests.m in Sources */,
			);
			runOnlyForDeploymentPostprocessing = 0;
		};
		1046DF861BE7C7D800139757 /* Sources */ = {
			isa = PBXSourcesBuildPhase;
			buildActionMask = 2147483647;
			files = (
				1046DF8F1BE7C7D800139757 /* GogobitUITests.m in Sources */,
			);
			runOnlyForDeploymentPostprocessing = 0;
		};
/* End PBXSourcesBuildPhase section */

/* Begin PBXTargetDependency section */
		1046DF811BE7C7D700139757 /* PBXTargetDependency */ = {
			isa = PBXTargetDependency;
			target = 1046DF651BE7C7D700139757 /* Gogobit */;
			targetProxy = 1046DF801BE7C7D700139757 /* PBXContainerItemProxy */;
		};
		1046DF8C1BE7C7D800139757 /* PBXTargetDependency */ = {
			isa = PBXTargetDependency;
			target = 1046DF651BE7C7D700139757 /* Gogobit */;
			targetProxy = 1046DF8B1BE7C7D800139757 /* PBXContainerItemProxy */;
		};
/* End PBXTargetDependency section */

/* Begin PBXVariantGroup section */
		1046DF721BE7C7D700139757 /* Main.storyboard */ = {
			isa = PBXVariantGroup;
			children = (
				1046DF731BE7C7D700139757 /* Base */,
			);
			name = Main.storyboard;
			sourceTree = "<group>";
		};
/* End PBXVariantGroup section */

/* Begin XCBuildConfiguration section */
		1046DF911BE7C7D800139757 /* Debug */ = {
			isa = XCBuildConfiguration;
			buildSettings = {
				ALWAYS_SEARCH_USER_PATHS = NO;
				CLANG_CXX_LANGUAGE_STANDARD = "gnu++0x";
				CLANG_CXX_LIBRARY = "libc++";
				CLANG_ENABLE_MODULES = YES;
				CLANG_ENABLE_OBJC_ARC = YES;
				CLANG_WARN_BOOL_CONVERSION = YES;
				CLANG_WARN_CONSTANT_CONVERSION = YES;
				CLANG_WARN_DIRECT_OBJC_ISA_USAGE = YES_ERROR;
				CLANG_WARN_EMPTY_BODY = YES;
				CLANG_WARN_ENUM_CONVERSION = YES;
				CLANG_WARN_INT_CONVERSION = YES;
				CLANG_WARN_OBJC_ROOT_CLASS = YES_ERROR;
				CLANG_WARN_UNREACHABLE_CODE = YES;
				CLANG_WARN__DUPLICATE_METHOD_MATCH = YES;
				"CODE_SIGN_IDENTITY[sdk=iphoneos*]" = "iPhone Developer";
				COPY_PHASE_STRIP = NO;
				DEBUG_INFORMATION_FORMAT = dwarf;
				ENABLE_STRICT_OBJC_MSGSEND = YES;
				ENABLE_TESTABILITY = YES;
				GCC_C_LANGUAGE_STANDARD = gnu99;
				GCC_DYNAMIC_NO_PIC = NO;
				GCC_NO_COMMON_BLOCKS = YES;
				GCC_OPTIMIZATION_LEVEL = 0;
				GCC_PREPROCESSOR_DEFINITIONS = (
					"DEBUG=1",
					"$(inherited)",
				);
				GCC_WARN_64_TO_32_BIT_CONVERSION = YES;
				GCC_WARN_ABOUT_RETURN_TYPE = YES_ERROR;
				GCC_WARN_UNDECLARED_SELECTOR = YES;
				GCC_WARN_UNINITIALIZED_AUTOS = YES_AGGRESSIVE;
				GCC_WARN_UNUSED_FUNCTION = YES;
				GCC_WARN_UNUSED_VARIABLE = YES;
				IPHONEOS_DEPLOYMENT_TARGET = 9.1;
				MTL_ENABLE_DEBUG_INFO = YES;
				ONLY_ACTIVE_ARCH = YES;
				SDKROOT = iphoneos;
			};
			name = Debug;
		};
		1046DF921BE7C7D800139757 /* Release */ = {
			isa = XCBuildConfiguration;
			buildSettings = {
				ALWAYS_SEARCH_USER_PATHS = NO;
				CLANG_CXX_LANGUAGE_STANDARD = "gnu++0x";
				CLANG_CXX_LIBRARY = "libc++";
				CLANG_ENABLE_MODULES = YES;
				CLANG_ENABLE_OBJC_ARC = YES;
				CLANG_WARN_BOOL_CONVERSION = YES;
				CLANG_WARN_CONSTANT_CONVERSION = YES;
				CLANG_WARN_DIRECT_OBJC_ISA_USAGE = YES_ERROR;
				CLANG_WARN_EMPTY_BODY = YES;
				CLANG_WARN_ENUM_CONVERSION = YES;
				CLANG_WARN_INT_CONVERSION = YES;
				CLANG_WARN_OBJC_ROOT_CLASS = YES_ERROR;
				CLANG_WARN_UNREACHABLE_CODE = YES;
				CLANG_WARN__DUPLICATE_METHOD_MATCH = YES;
				"CODE_SIGN_IDENTITY[sdk=iphoneos*]" = "iPhone Developer";
				COPY_PHASE_STRIP = NO;
				DEBUG_INFORMATION_FORMAT = "dwarf-with-dsym";
				ENABLE_NS_ASSERTIONS = NO;
				ENABLE_STRICT_OBJC_MSGSEND = YES;
				GCC_C_LANGUAGE_STANDARD = gnu99;
				GCC_NO_COMMON_BLOCKS = YES;
				GCC_WARN_64_TO_32_BIT_CONVERSION = YES;
				GCC_WARN_ABOUT_RETURN_TYPE = YES_ERROR;
				GCC_WARN_UNDECLARED_SELECTOR = YES;
				GCC_WARN_UNINITIALIZED_AUTOS = YES_AGGRESSIVE;
				GCC_WARN_UNUSED_FUNCTION = YES;
				GCC_WARN_UNUSED_VARIABLE = YES;
				IPHONEOS_DEPLOYMENT_TARGET = 9.1;
				MTL_ENABLE_DEBUG_INFO = NO;
				SDKROOT = iphoneos;
				VALIDATE_PRODUCT = YES;
			};
			name = Release;
		};
		1046DF941BE7C7D800139757 /* Debug */ = {
			isa = XCBuildConfiguration;
			baseConfigurationReference = 69AC3125523CCE6270DC48A6 /* Pods.debug.xcconfig */;
			buildSettings = {
				ASSETCATALOG_COMPILER_APPICON_NAME = AppIcon;
				ASSETCATALOG_COMPILER_LAUNCHIMAGE_NAME = "Brand Assets";
				CODE_SIGN_IDENTITY = "iPhone Developer";
				"CODE_SIGN_IDENTITY[sdk=iphoneos*]" = "iPhone Developer";
				INFOPLIST_FILE = Gogobit/Info.plist;
				LD_RUNPATH_SEARCH_PATHS = "$(inherited) @executable_path/Frameworks";
				PRODUCT_BUNDLE_IDENTIFIER = HuangJi.Gogobit;
				PRODUCT_NAME = "$(TARGET_NAME)";
				PROVISIONING_PROFILE = "";
			};
			name = Debug;
		};
		1046DF951BE7C7D800139757 /* Release */ = {
			isa = XCBuildConfiguration;
			baseConfigurationReference = 5ECDDF78059F1E82C240C7A2 /* Pods.release.xcconfig */;
			buildSettings = {
				ASSETCATALOG_COMPILER_APPICON_NAME = AppIcon;
				ASSETCATALOG_COMPILER_LAUNCHIMAGE_NAME = "Brand Assets";
				CODE_SIGN_IDENTITY = "iPhone Developer";
				"CODE_SIGN_IDENTITY[sdk=iphoneos*]" = "iPhone Developer";
				INFOPLIST_FILE = Gogobit/Info.plist;
				LD_RUNPATH_SEARCH_PATHS = "$(inherited) @executable_path/Frameworks";
				PRODUCT_BUNDLE_IDENTIFIER = HuangJi.Gogobit;
				PRODUCT_NAME = "$(TARGET_NAME)";
				PROVISIONING_PROFILE = "";
			};
			name = Release;
		};
		1046DF971BE7C7D800139757 /* Debug */ = {
			isa = XCBuildConfiguration;
			buildSettings = {
				BUNDLE_LOADER = "$(TEST_HOST)";
				INFOPLIST_FILE = GogobitTests/Info.plist;
				LD_RUNPATH_SEARCH_PATHS = "$(inherited) @executable_path/Frameworks @loader_path/Frameworks";
				PRODUCT_BUNDLE_IDENTIFIER = HuangJi.GogobitTests;
				PRODUCT_NAME = "$(TARGET_NAME)";
				TEST_HOST = "$(BUILT_PRODUCTS_DIR)/Gogobit.app/Gogobit";
			};
			name = Debug;
		};
		1046DF981BE7C7D800139757 /* Release */ = {
			isa = XCBuildConfiguration;
			buildSettings = {
				BUNDLE_LOADER = "$(TEST_HOST)";
				INFOPLIST_FILE = GogobitTests/Info.plist;
				LD_RUNPATH_SEARCH_PATHS = "$(inherited) @executable_path/Frameworks @loader_path/Frameworks";
				PRODUCT_BUNDLE_IDENTIFIER = HuangJi.GogobitTests;
				PRODUCT_NAME = "$(TARGET_NAME)";
				TEST_HOST = "$(BUILT_PRODUCTS_DIR)/Gogobit.app/Gogobit";
			};
			name = Release;
		};
		1046DF9A1BE7C7D800139757 /* Debug */ = {
			isa = XCBuildConfiguration;
			buildSettings = {
				INFOPLIST_FILE = GogobitUITests/Info.plist;
				LD_RUNPATH_SEARCH_PATHS = "$(inherited) @executable_path/Frameworks @loader_path/Frameworks";
				PRODUCT_BUNDLE_IDENTIFIER = HuangJi.GogobitUITests;
				PRODUCT_NAME = "$(TARGET_NAME)";
				TEST_TARGET_NAME = Gogobit;
				USES_XCTRUNNER = YES;
			};
			name = Debug;
		};
		1046DF9B1BE7C7D800139757 /* Release */ = {
			isa = XCBuildConfiguration;
			buildSettings = {
				INFOPLIST_FILE = GogobitUITests/Info.plist;
				LD_RUNPATH_SEARCH_PATHS = "$(inherited) @executable_path/Frameworks @loader_path/Frameworks";
				PRODUCT_BUNDLE_IDENTIFIER = HuangJi.GogobitUITests;
				PRODUCT_NAME = "$(TARGET_NAME)";
				TEST_TARGET_NAME = Gogobit;
				USES_XCTRUNNER = YES;
			};
			name = Release;
		};
/* End XCBuildConfiguration section */

/* Begin XCConfigurationList section */
		1046DF611BE7C7D700139757 /* Build configuration list for PBXProject "Gogobit" */ = {
			isa = XCConfigurationList;
			buildConfigurations = (
				1046DF911BE7C7D800139757 /* Debug */,
				1046DF921BE7C7D800139757 /* Release */,
			);
			defaultConfigurationIsVisible = 0;
			defaultConfigurationName = Release;
		};
		1046DF931BE7C7D800139757 /* Build configuration list for PBXNativeTarget "Gogobit" */ = {
			isa = XCConfigurationList;
			buildConfigurations = (
				1046DF941BE7C7D800139757 /* Debug */,
				1046DF951BE7C7D800139757 /* Release */,
			);
			defaultConfigurationIsVisible = 0;
			defaultConfigurationName = Release;
		};
		1046DF961BE7C7D800139757 /* Build configuration list for PBXNativeTarget "GogobitTests" */ = {
			isa = XCConfigurationList;
			buildConfigurations = (
				1046DF971BE7C7D800139757 /* Debug */,
				1046DF981BE7C7D800139757 /* Release */,
			);
			defaultConfigurationIsVisible = 0;
			defaultConfigurationName = Release;
		};
		1046DF991BE7C7D800139757 /* Build configuration list for PBXNativeTarget "GogobitUITests" */ = {
			isa = XCConfigurationList;
			buildConfigurations = (
				1046DF9A1BE7C7D800139757 /* Debug */,
				1046DF9B1BE7C7D800139757 /* Release */,
			);
			defaultConfigurationIsVisible = 0;
			defaultConfigurationName = Release;
		};
/* End XCConfigurationList section */
	};
	rootObject = 1046DF5E1BE7C7D700139757 /* Project object */;
}
